// !$*UTF8*$!
{
	archiveVersion = 1;
	classes = {
	};
	objectVersion = 56;
	objects = {

/* Begin PBXBuildFile section */
		150E818CF9EE5004D5D985CE /* Pods_IMusic_Test.framework in Frameworks */ = {isa = PBXBuildFile; fileRef = 8DB6142FCEDFBD4C36EC448D /* Pods_IMusic_Test.framework */; };
		301465242BA8CD5A00A13E4C /* SearchPresenter.swift in Sources */ = {isa = PBXBuildFile; fileRef = 3014651D2BA8CD5A00A13E4C /* SearchPresenter.swift */; };
		301465252BA8CD5A00A13E4C /* SearchWorker.swift in Sources */ = {isa = PBXBuildFile; fileRef = 3014651E2BA8CD5A00A13E4C /* SearchWorker.swift */; };
		301465262BA8CD5A00A13E4C /* SearchRouter.swift in Sources */ = {isa = PBXBuildFile; fileRef = 3014651F2BA8CD5A00A13E4C /* SearchRouter.swift */; };
		301465272BA8CD5A00A13E4C /* SearchModels.swift in Sources */ = {isa = PBXBuildFile; fileRef = 301465202BA8CD5A00A13E4C /* SearchModels.swift */; };
		301465282BA8CD5A00A13E4C /* SearchViewController.swift in Sources */ = {isa = PBXBuildFile; fileRef = 301465212BA8CD5A00A13E4C /* SearchViewController.swift */; };
		301465292BA8CD5A00A13E4C /* SearchInteractor.swift in Sources */ = {isa = PBXBuildFile; fileRef = 301465222BA8CD5A00A13E4C /* SearchInteractor.swift */; };
		3079A7A92BADCA6A003EF20F /* TrackDetailView.xib in Resources */ = {isa = PBXBuildFile; fileRef = 3079A7A82BADCA6A003EF20F /* TrackDetailView.xib */; };
		3079A7AB2BADCA7A003EF20F /* TrackDetailView.swift in Sources */ = {isa = PBXBuildFile; fileRef = 3079A7AA2BADCA7A003EF20F /* TrackDetailView.swift */; };
		30957B952B8F2F9A00C95828 /* AppDelegate.swift in Sources */ = {isa = PBXBuildFile; fileRef = 30957B942B8F2F9A00C95828 /* AppDelegate.swift */; };
		30957B972B8F2F9A00C95828 /* SceneDelegate.swift in Sources */ = {isa = PBXBuildFile; fileRef = 30957B962B8F2F9A00C95828 /* SceneDelegate.swift */; };
		30957B992B8F2F9A00C95828 /* ViewController.swift in Sources */ = {isa = PBXBuildFile; fileRef = 30957B982B8F2F9A00C95828 /* ViewController.swift */; };
		30957B9C2B8F2F9A00C95828 /* Main.storyboard in Resources */ = {isa = PBXBuildFile; fileRef = 30957B9A2B8F2F9A00C95828 /* Main.storyboard */; };
		30957B9E2B8F2F9B00C95828 /* Assets.xcassets in Resources */ = {isa = PBXBuildFile; fileRef = 30957B9D2B8F2F9B00C95828 /* Assets.xcassets */; };
		30957BA12B8F2F9B00C95828 /* LaunchScreen.storyboard in Resources */ = {isa = PBXBuildFile; fileRef = 30957B9F2B8F2F9B00C95828 /* LaunchScreen.storyboard */; };
		30957BA92B8F47E800C95828 /* MainTabBarViewController.swift in Sources */ = {isa = PBXBuildFile; fileRef = 30957BA82B8F47E800C95828 /* MainTabBarViewController.swift */; };
		30957BAC2B8F4A0300C95828 /* SearchMusicViewController.swift in Sources */ = {isa = PBXBuildFile; fileRef = 30957BAB2B8F4A0300C95828 /* SearchMusicViewController.swift */; };
		30A973B42BAC35C10038FB10 /* TrackCell.xib in Resources */ = {isa = PBXBuildFile; fileRef = 30A973B32BAC35C10038FB10 /* TrackCell.xib */; };
		30A973B62BAC35F90038FB10 /* TrackCell.swift in Sources */ = {isa = PBXBuildFile; fileRef = 30A973B52BAC35F90038FB10 /* TrackCell.swift */; };
		30A9FDD52BACB09C008915CF /* FooterView.swift in Sources */ = {isa = PBXBuildFile; fileRef = 30A9FDD42BACB09C008915CF /* FooterView.swift */; };
		30D4EB7C2BAA0F86005F4C5F /* SearchViewController.storyboard in Resources */ = {isa = PBXBuildFile; fileRef = 30D4EB7B2BAA0F86005F4C5F /* SearchViewController.storyboard */; };
		30D4EB7E2BAA155D005F4C5F /* UIViewController + StoryBoard.swift in Sources */ = {isa = PBXBuildFile; fileRef = 30D4EB7D2BAA155D005F4C5F /* UIViewController + StoryBoard.swift */; };
		30DB28842B90930600D01721 /* SearchRespone.swift in Sources */ = {isa = PBXBuildFile; fileRef = 30DB28832B90930600D01721 /* SearchRespone.swift */; };
		30DB28862B91F57900D01721 /* NetWorkManager.swift in Sources */ = {isa = PBXBuildFile; fileRef = 30DB28852B91F57900D01721 /* NetWorkManager.swift */; };
/* End PBXBuildFile section */

/* Begin PBXFileReference section */
		3014651D2BA8CD5A00A13E4C /* SearchPresenter.swift */ = {isa = PBXFileReference; lastKnownFileType = sourcecode.swift; path = SearchPresenter.swift; sourceTree = "<group>"; };
		3014651E2BA8CD5A00A13E4C /* SearchWorker.swift */ = {isa = PBXFileReference; lastKnownFileType = sourcecode.swift; path = SearchWorker.swift; sourceTree = "<group>"; };
		3014651F2BA8CD5A00A13E4C /* SearchRouter.swift */ = {isa = PBXFileReference; lastKnownFileType = sourcecode.swift; path = SearchRouter.swift; sourceTree = "<group>"; };
		301465202BA8CD5A00A13E4C /* SearchModels.swift */ = {isa = PBXFileReference; lastKnownFileType = sourcecode.swift; path = SearchModels.swift; sourceTree = "<group>"; };
		301465212BA8CD5A00A13E4C /* SearchViewController.swift */ = {isa = PBXFileReference; lastKnownFileType = sourcecode.swift; path = SearchViewController.swift; sourceTree = "<group>"; };
		301465222BA8CD5A00A13E4C /* SearchInteractor.swift */ = {isa = PBXFileReference; lastKnownFileType = sourcecode.swift; path = SearchInteractor.swift; sourceTree = "<group>"; };
		3079A7A82BADCA6A003EF20F /* TrackDetailView.xib */ = {isa = PBXFileReference; lastKnownFileType = file.xib; path = TrackDetailView.xib; sourceTree = "<group>"; };
		3079A7AA2BADCA7A003EF20F /* TrackDetailView.swift */ = {isa = PBXFileReference; lastKnownFileType = sourcecode.swift; path = TrackDetailView.swift; sourceTree = "<group>"; };
		30957B912B8F2F9A00C95828 /* IMusic Test.app */ = {isa = PBXFileReference; explicitFileType = wrapper.application; includeInIndex = 0; path = "IMusic Test.app"; sourceTree = BUILT_PRODUCTS_DIR; };
		30957B942B8F2F9A00C95828 /* AppDelegate.swift */ = {isa = PBXFileReference; lastKnownFileType = sourcecode.swift; path = AppDelegate.swift; sourceTree = "<group>"; };
		30957B962B8F2F9A00C95828 /* SceneDelegate.swift */ = {isa = PBXFileReference; lastKnownFileType = sourcecode.swift; path = SceneDelegate.swift; sourceTree = "<group>"; };
		30957B982B8F2F9A00C95828 /* ViewController.swift */ = {isa = PBXFileReference; lastKnownFileType = sourcecode.swift; path = ViewController.swift; sourceTree = "<group>"; };
		30957B9B2B8F2F9A00C95828 /* Base */ = {isa = PBXFileReference; lastKnownFileType = file.storyboard; name = Base; path = Base.lproj/Main.storyboard; sourceTree = "<group>"; };
		30957B9D2B8F2F9B00C95828 /* Assets.xcassets */ = {isa = PBXFileReference; lastKnownFileType = folder.assetcatalog; path = Assets.xcassets; sourceTree = "<group>"; };
		30957BA02B8F2F9B00C95828 /* Base */ = {isa = PBXFileReference; lastKnownFileType = file.storyboard; name = Base; path = Base.lproj/LaunchScreen.storyboard; sourceTree = "<group>"; };
		30957BA22B8F2F9B00C95828 /* Info.plist */ = {isa = PBXFileReference; lastKnownFileType = text.plist.xml; path = Info.plist; sourceTree = "<group>"; };
		30957BA82B8F47E800C95828 /* MainTabBarViewController.swift */ = {isa = PBXFileReference; lastKnownFileType = sourcecode.swift; path = MainTabBarViewController.swift; sourceTree = "<group>"; };
		30957BAB2B8F4A0300C95828 /* SearchMusicViewController.swift */ = {isa = PBXFileReference; lastKnownFileType = sourcecode.swift; path = SearchMusicViewController.swift; sourceTree = "<group>"; };
		30A973B32BAC35C10038FB10 /* TrackCell.xib */ = {isa = PBXFileReference; lastKnownFileType = file.xib; path = TrackCell.xib; sourceTree = "<group>"; };
		30A973B52BAC35F90038FB10 /* TrackCell.swift */ = {isa = PBXFileReference; lastKnownFileType = sourcecode.swift; path = TrackCell.swift; sourceTree = "<group>"; };
		30A9FDD42BACB09C008915CF /* FooterView.swift */ = {isa = PBXFileReference; lastKnownFileType = sourcecode.swift; path = FooterView.swift; sourceTree = "<group>"; };
		30D4EB7B2BAA0F86005F4C5F /* SearchViewController.storyboard */ = {isa = PBXFileReference; lastKnownFileType = file.storyboard; path = SearchViewController.storyboard; sourceTree = "<group>"; };
		30D4EB7D2BAA155D005F4C5F /* UIViewController + StoryBoard.swift */ = {isa = PBXFileReference; lastKnownFileType = sourcecode.swift; path = "UIViewController + StoryBoard.swift"; sourceTree = "<group>"; };
		30DB28832B90930600D01721 /* SearchRespone.swift */ = {isa = PBXFileReference; lastKnownFileType = sourcecode.swift; path = SearchRespone.swift; sourceTree = "<group>"; };
		30DB28852B91F57900D01721 /* NetWorkManager.swift */ = {isa = PBXFileReference; lastKnownFileType = sourcecode.swift; path = NetWorkManager.swift; sourceTree = "<group>"; };
		643608B0B5AECE66CBFC3727 /* Pods-IMusic Test.debug.xcconfig */ = {isa = PBXFileReference; includeInIndex = 1; lastKnownFileType = text.xcconfig; name = "Pods-IMusic Test.debug.xcconfig"; path = "Target Support Files/Pods-IMusic Test/Pods-IMusic Test.debug.xcconfig"; sourceTree = "<group>"; };
		8DB6142FCEDFBD4C36EC448D /* Pods_IMusic_Test.framework */ = {isa = PBXFileReference; explicitFileType = wrapper.framework; includeInIndex = 0; path = Pods_IMusic_Test.framework; sourceTree = BUILT_PRODUCTS_DIR; };
		E529740C6B24E61EEABD0119 /* Pods-IMusic Test.release.xcconfig */ = {isa = PBXFileReference; includeInIndex = 1; lastKnownFileType = text.xcconfig; name = "Pods-IMusic Test.release.xcconfig"; path = "Target Support Files/Pods-IMusic Test/Pods-IMusic Test.release.xcconfig"; sourceTree = "<group>"; };
/* End PBXFileReference section */

/* Begin PBXFrameworksBuildPhase section */
		30957B8E2B8F2F9A00C95828 /* Frameworks */ = {
			isa = PBXFrameworksBuildPhase;
			buildActionMask = 2147483647;
			files = (
				150E818CF9EE5004D5D985CE /* Pods_IMusic_Test.framework in Frameworks */,
			);
			runOnlyForDeploymentPostprocessing = 0;
		};
/* End PBXFrameworksBuildPhase section */

/* Begin PBXGroup section */
		1E01EABF3B4E74892F31D5E5 /* Pods */ = {
			isa = PBXGroup;
			children = (
				643608B0B5AECE66CBFC3727 /* Pods-IMusic Test.debug.xcconfig */,
				E529740C6B24E61EEABD0119 /* Pods-IMusic Test.release.xcconfig */,
			);
			path = Pods;
			sourceTree = "<group>";
		};
		3014651C2BA8CD2E00A13E4C /* Search */ = {
			isa = PBXGroup;
			children = (
				3079A7A72BADCA33003EF20F /* TrackDetailView */,
				30A9FDD32BACB088008915CF /* FooterView */,
				30A973B72BAC402F0038FB10 /* Servces */,
				30A973B22BAC35A90038FB10 /* Cell */,
				30D4EB7B2BAA0F86005F4C5F /* SearchViewController.storyboard */,
				301465212BA8CD5A00A13E4C /* SearchViewController.swift */,
				301465222BA8CD5A00A13E4C /* SearchInteractor.swift */,
				3014651D2BA8CD5A00A13E4C /* SearchPresenter.swift */,
				301465202BA8CD5A00A13E4C /* SearchModels.swift */,
				3014651E2BA8CD5A00A13E4C /* SearchWorker.swift */,
				3014651F2BA8CD5A00A13E4C /* SearchRouter.swift */,
			);
			path = Search;
			sourceTree = "<group>";
		};
		3079A7A72BADCA33003EF20F /* TrackDetailView */ = {
			isa = PBXGroup;
			children = (
				3079A7A82BADCA6A003EF20F /* TrackDetailView.xib */,
				3079A7AA2BADCA7A003EF20F /* TrackDetailView.swift */,
			);
			path = TrackDetailView;
			sourceTree = "<group>";
		};
		30957B882B8F2F9A00C95828 = {
			isa = PBXGroup;
			children = (
				30957B932B8F2F9A00C95828 /* IMusic Test */,
				30957B922B8F2F9A00C95828 /* Products */,
				1E01EABF3B4E74892F31D5E5 /* Pods */,
				9E1B887DB0435005FF2DEAAB /* Frameworks */,
			);
			sourceTree = "<group>";
		};
		30957B922B8F2F9A00C95828 /* Products */ = {
			isa = PBXGroup;
			children = (
				30957B912B8F2F9A00C95828 /* IMusic Test.app */,
			);
			name = Products;
			sourceTree = "<group>";
		};
		30957B932B8F2F9A00C95828 /* IMusic Test */ = {
			isa = PBXGroup;
			children = (
				3014651C2BA8CD2E00A13E4C /* Search */,
				30957B942B8F2F9A00C95828 /* AppDelegate.swift */,
				30957B962B8F2F9A00C95828 /* SceneDelegate.swift */,
				30957B982B8F2F9A00C95828 /* ViewController.swift */,
				30957BA82B8F47E800C95828 /* MainTabBarViewController.swift */,
				30D4EB7F2BAA1574005F4C5F /* Helpers */,
				30957BAB2B8F4A0300C95828 /* SearchMusicViewController.swift */,
				30957B9A2B8F2F9A00C95828 /* Main.storyboard */,
				30957B9D2B8F2F9B00C95828 /* Assets.xcassets */,
				30957B9F2B8F2F9B00C95828 /* LaunchScreen.storyboard */,
				30957BA22B8F2F9B00C95828 /* Info.plist */,
			);
			path = "IMusic Test";
			sourceTree = "<group>";
		};
		30A973B22BAC35A90038FB10 /* Cell */ = {
			isa = PBXGroup;
			children = (
				30A973B32BAC35C10038FB10 /* TrackCell.xib */,
				30A973B52BAC35F90038FB10 /* TrackCell.swift */,
			);
			path = Cell;
			sourceTree = "<group>";
		};
		30A973B72BAC402F0038FB10 /* Servces */ = {
			isa = PBXGroup;
			children = (
				30A973B82BAC404A0038FB10 /* Models */,
				30DB28852B91F57900D01721 /* NetWorkManager.swift */,
			);
			path = Servces;
			sourceTree = "<group>";
		};
		30A973B82BAC404A0038FB10 /* Models */ = {
			isa = PBXGroup;
			children = (
				30DB28832B90930600D01721 /* SearchRespone.swift */,
			);
			path = Models;
			sourceTree = "<group>";
		};
		30A9FDD32BACB088008915CF /* FooterView */ = {
			isa = PBXGroup;
			children = (
				30A9FDD42BACB09C008915CF /* FooterView.swift */,
			);
			path = FooterView;
			sourceTree = "<group>";
		};
		30D4EB7F2BAA1574005F4C5F /* Helpers */ = {
			isa = PBXGroup;
			children = (
				30D4EB7D2BAA155D005F4C5F /* UIViewController + StoryBoard.swift */,
			);
			path = Helpers;
			sourceTree = "<group>";
		};
		9E1B887DB0435005FF2DEAAB /* Frameworks */ = {
			isa = PBXGroup;
			children = (
				8DB6142FCEDFBD4C36EC448D /* Pods_IMusic_Test.framework */,
			);
			name = Frameworks;
			sourceTree = "<group>";
		};
/* End PBXGroup section */

/* Begin PBXNativeTarget section */
		30957B902B8F2F9A00C95828 /* IMusic Test */ = {
			isa = PBXNativeTarget;
			buildConfigurationList = 30957BA52B8F2F9B00C95828 /* Build configuration list for PBXNativeTarget "IMusic Test" */;
			buildPhases = (
				06E3D09F133A90EBA33AD26A /* [CP] Check Pods Manifest.lock */,
				30957B8D2B8F2F9A00C95828 /* Sources */,
				30957B8E2B8F2F9A00C95828 /* Frameworks */,
				30957B8F2B8F2F9A00C95828 /* Resources */,
				5D7F371BED23B6E7A5379442 /* [CP] Embed Pods Frameworks */,
			);
			buildRules = (
			);
			dependencies = (
			);
			name = "IMusic Test";
			productName = "IMusic Test";
			productReference = 30957B912B8F2F9A00C95828 /* IMusic Test.app */;
			productType = "com.apple.product-type.application";
		};
/* End PBXNativeTarget section */

/* Begin PBXProject section */
		30957B892B8F2F9A00C95828 /* Project object */ = {
			isa = PBXProject;
			attributes = {
				BuildIndependentTargetsInParallel = 1;
				LastSwiftUpdateCheck = 1500;
				LastUpgradeCheck = 1500;
				TargetAttributes = {
					30957B902B8F2F9A00C95828 = {
						CreatedOnToolsVersion = 15.0.1;
					};
				};
			};
			buildConfigurationList = 30957B8C2B8F2F9A00C95828 /* Build configuration list for PBXProject "IMusic Test" */;
			compatibilityVersion = "Xcode 14.0";
			developmentRegion = en;
			hasScannedForEncodings = 0;
			knownRegions = (
				en,
				Base,
			);
			mainGroup = 30957B882B8F2F9A00C95828;
			productRefGroup = 30957B922B8F2F9A00C95828 /* Products */;
			projectDirPath = "";
			projectRoot = "";
			targets = (
				30957B902B8F2F9A00C95828 /* IMusic Test */,
			);
		};
/* End PBXProject section */

/* Begin PBXResourcesBuildPhase section */
		30957B8F2B8F2F9A00C95828 /* Resources */ = {
			isa = PBXResourcesBuildPhase;
			buildActionMask = 2147483647;
			files = (
				30957BA12B8F2F9B00C95828 /* LaunchScreen.storyboard in Resources */,
				30957B9E2B8F2F9B00C95828 /* Assets.xcassets in Resources */,
				30D4EB7C2BAA0F86005F4C5F /* SearchViewController.storyboard in Resources */,
				30A973B42BAC35C10038FB10 /* TrackCell.xib in Resources */,
				30957B9C2B8F2F9A00C95828 /* Main.storyboard in Resources */,
				3079A7A92BADCA6A003EF20F /* TrackDetailView.xib in Resources */,
			);
			runOnlyForDeploymentPostprocessing = 0;
		};
/* End PBXResourcesBuildPhase section */

/* Begin PBXShellScriptBuildPhase section */
		06E3D09F133A90EBA33AD26A /* [CP] Check Pods Manifest.lock */ = {
			isa = PBXShellScriptBuildPhase;
			buildActionMask = 2147483647;
			files = (
			);
			inputFileListPaths = (
			);
			inputPaths = (
				"${PODS_PODFILE_DIR_PATH}/Podfile.lock",
				"${PODS_ROOT}/Manifest.lock",
			);
			name = "[CP] Check Pods Manifest.lock";
			outputFileListPaths = (
			);
			outputPaths = (
				"$(DERIVED_FILE_DIR)/Pods-IMusic Test-checkManifestLockResult.txt",
			);
			runOnlyForDeploymentPostprocessing = 0;
			shellPath = /bin/sh;
			shellScript = "diff \"${PODS_PODFILE_DIR_PATH}/Podfile.lock\" \"${PODS_ROOT}/Manifest.lock\" > /dev/null\nif [ $? != 0 ] ; then\n    # print error to STDERR\n    echo \"error: The sandbox is not in sync with the Podfile.lock. Run 'pod install' or update your CocoaPods installation.\" >&2\n    exit 1\nfi\n# This output is used by Xcode 'outputs' to avoid re-running this script phase.\necho \"SUCCESS\" > \"${SCRIPT_OUTPUT_FILE_0}\"\n";
			showEnvVarsInLog = 0;
		};
		5D7F371BED23B6E7A5379442 /* [CP] Embed Pods Frameworks */ = {
			isa = PBXShellScriptBuildPhase;
			buildActionMask = 2147483647;
			files = (
			);
			inputFileListPaths = (
				"${PODS_ROOT}/Target Support Files/Pods-IMusic Test/Pods-IMusic Test-frameworks-${CONFIGURATION}-input-files.xcfilelist",
			);
			name = "[CP] Embed Pods Frameworks";
			outputFileListPaths = (
				"${PODS_ROOT}/Target Support Files/Pods-IMusic Test/Pods-IMusic Test-frameworks-${CONFIGURATION}-output-files.xcfilelist",
			);
			runOnlyForDeploymentPostprocessing = 0;
			shellPath = /bin/sh;
			shellScript = "\"${PODS_ROOT}/Target Support Files/Pods-IMusic Test/Pods-IMusic Test-frameworks.sh\"\n";
			showEnvVarsInLog = 0;
		};
/* End PBXShellScriptBuildPhase section */

/* Begin PBXSourcesBuildPhase section */
		30957B8D2B8F2F9A00C95828 /* Sources */ = {
			isa = PBXSourcesBuildPhase;
			buildActionMask = 2147483647;
			files = (
				30957BAC2B8F4A0300C95828 /* SearchMusicViewController.swift in Sources */,
				30957B992B8F2F9A00C95828 /* ViewController.swift in Sources */,
				30DB28842B90930600D01721 /* SearchRespone.swift in Sources */,
				301465292BA8CD5A00A13E4C /* SearchInteractor.swift in Sources */,
				30957BA92B8F47E800C95828 /* MainTabBarViewController.swift in Sources */,
				30A9FDD52BACB09C008915CF /* FooterView.swift in Sources */,
				30A973B62BAC35F90038FB10 /* TrackCell.swift in Sources */,
				30DB28862B91F57900D01721 /* NetWorkManager.swift in Sources */,
				301465252BA8CD5A00A13E4C /* SearchWorker.swift in Sources */,
				301465282BA8CD5A00A13E4C /* SearchViewController.swift in Sources */,
				301465262BA8CD5A00A13E4C /* SearchRouter.swift in Sources */,
				301465272BA8CD5A00A13E4C /* SearchModels.swift in Sources */,
				30957B952B8F2F9A00C95828 /* AppDelegate.swift in Sources */,
				301465242BA8CD5A00A13E4C /* SearchPresenter.swift in Sources */,
				30957B972B8F2F9A00C95828 /* SceneDelegate.swift in Sources */,
				3079A7AB2BADCA7A003EF20F /* TrackDetailView.swift in Sources */,
				30D4EB7E2BAA155D005F4C5F /* UIViewController + StoryBoard.swift in Sources */,
			);
			runOnlyForDeploymentPostprocessing = 0;
		};
/* End PBXSourcesBuildPhase section */

/* Begin PBXVariantGroup section */
		30957B9A2B8F2F9A00C95828 /* Main.storyboard */ = {
			isa = PBXVariantGroup;
			children = (
				30957B9B2B8F2F9A00C95828 /* Base */,
			);
			name = Main.storyboard;
			sourceTree = "<group>";
		};
		30957B9F2B8F2F9B00C95828 /* LaunchScreen.storyboard */ = {
			isa = PBXVariantGroup;
			children = (
				30957BA02B8F2F9B00C95828 /* Base */,
			);
			name = LaunchScreen.storyboard;
			sourceTree = "<group>";
		};
/* End PBXVariantGroup section */

/* Begin XCBuildConfiguration section */
		30957BA32B8F2F9B00C95828 /* Debug */ = {
			isa = XCBuildConfiguration;
			buildSettings = {
				ALWAYS_SEARCH_USER_PATHS = NO;
				ASSETCATALOG_COMPILER_GENERATE_SWIFT_ASSET_SYMBOL_EXTENSIONS = YES;
				CLANG_ANALYZER_NONNULL = YES;
				CLANG_ANALYZER_NUMBER_OBJECT_CONVERSION = YES_AGGRESSIVE;
				CLANG_CXX_LANGUAGE_STANDARD = "gnu++20";
				CLANG_ENABLE_MODULES = YES;
				CLANG_ENABLE_OBJC_ARC = YES;
				CLANG_ENABLE_OBJC_WEAK = YES;
				CLANG_WARN_BLOCK_CAPTURE_AUTORELEASING = YES;
				CLANG_WARN_BOOL_CONVERSION = YES;
				CLANG_WARN_COMMA = YES;
				CLANG_WARN_CONSTANT_CONVERSION = YES;
				CLANG_WARN_DEPRECATED_OBJC_IMPLEMENTATIONS = YES;
				CLANG_WARN_DIRECT_OBJC_ISA_USAGE = YES_ERROR;
				CLANG_WARN_DOCUMENTATION_COMMENTS = YES;
				CLANG_WARN_EMPTY_BODY = YES;
				CLANG_WARN_ENUM_CONVERSION = YES;
				CLANG_WARN_INFINITE_RECURSION = YES;
				CLANG_WARN_INT_CONVERSION = YES;
				CLANG_WARN_NON_LITERAL_NULL_CONVERSION = YES;
				CLANG_WARN_OBJC_IMPLICIT_RETAIN_SELF = YES;
				CLANG_WARN_OBJC_LITERAL_CONVERSION = YES;
				CLANG_WARN_OBJC_ROOT_CLASS = YES_ERROR;
				CLANG_WARN_QUOTED_INCLUDE_IN_FRAMEWORK_HEADER = YES;
				CLANG_WARN_RANGE_LOOP_ANALYSIS = YES;
				CLANG_WARN_STRICT_PROTOTYPES = YES;
				CLANG_WARN_SUSPICIOUS_MOVE = YES;
				CLANG_WARN_UNGUARDED_AVAILABILITY = YES_AGGRESSIVE;
				CLANG_WARN_UNREACHABLE_CODE = YES;
				CLANG_WARN__DUPLICATE_METHOD_MATCH = YES;
				COPY_PHASE_STRIP = NO;
				DEBUG_INFORMATION_FORMAT = dwarf;
				ENABLE_STRICT_OBJC_MSGSEND = YES;
				ENABLE_TESTABILITY = YES;
				ENABLE_USER_SCRIPT_SANDBOXING = NO;
				GCC_C_LANGUAGE_STANDARD = gnu17;
				GCC_DYNAMIC_NO_PIC = NO;
				GCC_NO_COMMON_BLOCKS = YES;
				GCC_OPTIMIZATION_LEVEL = 0;
				GCC_PREPROCESSOR_DEFINITIONS = (
					"DEBUG=1",
					"$(inherited)",
				);
				GCC_WARN_64_TO_32_BIT_CONVERSION = YES;
				GCC_WARN_ABOUT_RETURN_TYPE = YES_ERROR;
				GCC_WARN_UNDECLARED_SELECTOR = YES;
				GCC_WARN_UNINITIALIZED_AUTOS = YES_AGGRESSIVE;
				GCC_WARN_UNUSED_FUNCTION = YES;
				GCC_WARN_UNUSED_VARIABLE = YES;
				IPHONEOS_DEPLOYMENT_TARGET = 17.0;
				LOCALIZATION_PREFERS_STRING_CATALOGS = YES;
				MTL_ENABLE_DEBUG_INFO = INCLUDE_SOURCE;
				MTL_FAST_MATH = YES;
				ONLY_ACTIVE_ARCH = YES;
				SDKROOT = iphoneos;
				SWIFT_ACTIVE_COMPILATION_CONDITIONS = "DEBUG $(inherited)";
				SWIFT_OPTIMIZATION_LEVEL = "-Onone";
			};
			name = Debug;
		};
		30957BA42B8F2F9B00C95828 /* Release */ = {
			isa = XCBuildConfiguration;
			buildSettings = {
				ALWAYS_SEARCH_USER_PATHS = NO;
				ASSETCATALOG_COMPILER_GENERATE_SWIFT_ASSET_SYMBOL_EXTENSIONS = YES;
				CLANG_ANALYZER_NONNULL = YES;
				CLANG_ANALYZER_NUMBER_OBJECT_CONVERSION = YES_AGGRESSIVE;
				CLANG_CXX_LANGUAGE_STANDARD = "gnu++20";
				CLANG_ENABLE_MODULES = YES;
				CLANG_ENABLE_OBJC_ARC = YES;
				CLANG_ENABLE_OBJC_WEAK = YES;
				CLANG_WARN_BLOCK_CAPTURE_AUTORELEASING = YES;
				CLANG_WARN_BOOL_CONVERSION = YES;
				CLANG_WARN_COMMA = YES;
				CLANG_WARN_CONSTANT_CONVERSION = YES;
				CLANG_WARN_DEPRECATED_OBJC_IMPLEMENTATIONS = YES;
				CLANG_WARN_DIRECT_OBJC_ISA_USAGE = YES_ERROR;
				CLANG_WARN_DOCUMENTATION_COMMENTS = YES;
				CLANG_WARN_EMPTY_BODY = YES;
				CLANG_WARN_ENUM_CONVERSION = YES;
				CLANG_WARN_INFINITE_RECURSION = YES;
				CLANG_WARN_INT_CONVERSION = YES;
				CLANG_WARN_NON_LITERAL_NULL_CONVERSION = YES;
				CLANG_WARN_OBJC_IMPLICIT_RETAIN_SELF = YES;
				CLANG_WARN_OBJC_LITERAL_CONVERSION = YES;
				CLANG_WARN_OBJC_ROOT_CLASS = YES_ERROR;
				CLANG_WARN_QUOTED_INCLUDE_IN_FRAMEWORK_HEADER = YES;
				CLANG_WARN_RANGE_LOOP_ANALYSIS = YES;
				CLANG_WARN_STRICT_PROTOTYPES = YES;
				CLANG_WARN_SUSPICIOUS_MOVE = YES;
				CLANG_WARN_UNGUARDED_AVAILABILITY = YES_AGGRESSIVE;
				CLANG_WARN_UNREACHABLE_CODE = YES;
				CLANG_WARN__DUPLICATE_METHOD_MATCH = YES;
				COPY_PHASE_STRIP = NO;
				DEBUG_INFORMATION_FORMAT = "dwarf-with-dsym";
				ENABLE_NS_ASSERTIONS = NO;
				ENABLE_STRICT_OBJC_MSGSEND = YES;
				ENABLE_USER_SCRIPT_SANDBOXING = NO;
				GCC_C_LANGUAGE_STANDARD = gnu17;
				GCC_NO_COMMON_BLOCKS = YES;
				GCC_WARN_64_TO_32_BIT_CONVERSION = YES;
				GCC_WARN_ABOUT_RETURN_TYPE = YES_ERROR;
				GCC_WARN_UNDECLARED_SELECTOR = YES;
				GCC_WARN_UNINITIALIZED_AUTOS = YES_AGGRESSIVE;
				GCC_WARN_UNUSED_FUNCTION = YES;
				GCC_WARN_UNUSED_VARIABLE = YES;
				IPHONEOS_DEPLOYMENT_TARGET = 17.0;
				LOCALIZATION_PREFERS_STRING_CATALOGS = YES;
				MTL_ENABLE_DEBUG_INFO = NO;
				MTL_FAST_MATH = YES;
				SDKROOT = iphoneos;
				SWIFT_COMPILATION_MODE = wholemodule;
				VALIDATE_PRODUCT = YES;
			};
			name = Release;
		};
		30957BA62B8F2F9B00C95828 /* Debug */ = {
			isa = XCBuildConfiguration;
			baseConfigurationReference = 643608B0B5AECE66CBFC3727 /* Pods-IMusic Test.debug.xcconfig */;
			buildSettings = {
				ASSETCATALOG_COMPILER_APPICON_NAME = AppIcon;
				ASSETCATALOG_COMPILER_GLOBAL_ACCENT_COLOR_NAME = AccentColor;
				CODE_SIGN_STYLE = Automatic;
				CURRENT_PROJECT_VERSION = 1;
				DEVELOPMENT_TEAM = AR6AN34RS9;
				GENERATE_INFOPLIST_FILE = YES;
				INFOPLIST_FILE = "IMusic Test/Info.plist";
				INFOPLIST_KEY_UIApplicationSupportsIndirectInputEvents = YES;
				INFOPLIST_KEY_UILaunchStoryboardName = LaunchScreen;
				INFOPLIST_KEY_UIMainStoryboardFile = Main;
				INFOPLIST_KEY_UISupportedInterfaceOrientations_iPad = "UIInterfaceOrientationPortrait UIInterfaceOrientationPortraitUpsideDown UIInterfaceOrientationLandscapeLeft UIInterfaceOrientationLandscapeRight";
				INFOPLIST_KEY_UISupportedInterfaceOrientations_iPhone = "UIInterfaceOrientationPortrait UIInterfaceOrientationLandscapeLeft UIInterfaceOrientationLandscapeRight";
				IPHONEOS_DEPLOYMENT_TARGET = 16.0;
				LD_RUNPATH_SEARCH_PATHS = (
					"$(inherited)",
					"@executable_path/Frameworks",
				);
				MARKETING_VERSION = 1.0;
				PRODUCT_BUNDLE_IDENTIFIER = "home.IMusic-Test";
				PRODUCT_NAME = "$(TARGET_NAME)";
				SUPPORTED_PLATFORMS = "iphoneos iphonesimulator";
				SUPPORTS_MACCATALYST = NO;
				SUPPORTS_MAC_DESIGNED_FOR_IPHONE_IPAD = NO;
				SWIFT_EMIT_LOC_STRINGS = YES;
				SWIFT_VERSION = 5.0;
				TARGETED_DEVICE_FAMILY = "1,2";
			};
			name = Debug;
		};
		30957BA72B8F2F9B00C95828 /* Release */ = {
			isa = XCBuildConfiguration;
			baseConfigurationReference = E529740C6B24E61EEABD0119 /* Pods-IMusic Test.release.xcconfig */;
			buildSettings = {
				ASSETCATALOG_COMPILER_APPICON_NAME = AppIcon;
				ASSETCATALOG_COMPILER_GLOBAL_ACCENT_COLOR_NAME = AccentColor;
				CODE_SIGN_STYLE = Automatic;
				CURRENT_PROJECT_VERSION = 1;
				DEVELOPMENT_TEAM = AR6AN34RS9;
				GENERATE_INFOPLIST_FILE = YES;
				INFOPLIST_FILE = "IMusic Test/Info.plist";
				INFOPLIST_KEY_UIApplicationSupportsIndirectInputEvents = YES;
				INFOPLIST_KEY_UILaunchStoryboardName = LaunchScreen;
				INFOPLIST_KEY_UIMainStoryboardFile = Main;
				INFOPLIST_KEY_UISupportedInterfaceOrientations_iPad = "UIInterfaceOrientationPortrait UIInterfaceOrientationPortraitUpsideDown UIInterfaceOrientationLandscapeLeft UIInterfaceOrientationLandscapeRight";
				INFOPLIST_KEY_UISupportedInterfaceOrientations_iPhone = "UIInterfaceOrientationPortrait UIInterfaceOrientationLandscapeLeft UIInterfaceOrientationLandscapeRight";
				IPHONEOS_DEPLOYMENT_TARGET = 16.0;
				LD_RUNPATH_SEARCH_PATHS = (
					"$(inherited)",
					"@executable_path/Frameworks",
				);
				MARKETING_VERSION = 1.0;
				PRODUCT_BUNDLE_IDENTIFIER = "home.IMusic-Test";
				PRODUCT_NAME = "$(TARGET_NAME)";
				SUPPORTED_PLATFORMS = "iphoneos iphonesimulator";
				SUPPORTS_MACCATALYST = NO;
				SUPPORTS_MAC_DESIGNED_FOR_IPHONE_IPAD = NO;
				SWIFT_EMIT_LOC_STRINGS = YES;
				SWIFT_VERSION = 5.0;
				TARGETED_DEVICE_FAMILY = "1,2";
			};
			name = Release;
		};
/* End XCBuildConfiguration section */

/* Begin XCConfigurationList section */
		30957B8C2B8F2F9A00C95828 /* Build configuration list for PBXProject "IMusic Test" */ = {
			isa = XCConfigurationList;
			buildConfigurations = (
				30957BA32B8F2F9B00C95828 /* Debug */,
				30957BA42B8F2F9B00C95828 /* Release */,
			);
			defaultConfigurationIsVisible = 0;
			defaultConfigurationName = Release;
		};
		30957BA52B8F2F9B00C95828 /* Build configuration list for PBXNativeTarget "IMusic Test" */ = {
			isa = XCConfigurationList;
			buildConfigurations = (
				30957BA62B8F2F9B00C95828 /* Debug */,
				30957BA72B8F2F9B00C95828 /* Release */,
			);
			defaultConfigurationIsVisible = 0;
			defaultConfigurationName = Release;
		};
/* End XCConfigurationList section */
	};
	rootObject = 30957B892B8F2F9A00C95828 /* Project object */;
}
